{
  "name": "atom-super-tags",
  "version": "0.11.0",
  "lockfileVersion": 1,
  "requires": true,
  "dependencies": {
    "super-tags": {
      "version": "1.1.4",
      "resolved": "https://registry.npmjs.org/super-tags/-/super-tags-1.1.4.tgz",
      "integrity": "sha512-UuMjbmh1T4cEj9Ry37rYqSVa5HqLJNfHIQ6VQuqCv/faCZjCRqazD84v7LHqdIy1D+y6yXyaQKZXUHmPiAUKPA=="
    }
  }
}
