{
  "name": "atom-super-tags",
  "version": "0.4.0",
  "lockfileVersion": 1,
  "requires": true,
  "dependencies": {
    "super-tags": {
      "version": "1.0.4",
      "resolved": "https://registry.npmjs.org/super-tags/-/super-tags-1.0.4.tgz",
      "integrity": "sha512-eZ7uGFz34U/tSlPR2/JcazV4yGKk4l2YnRDCMrE32nKFYSF4VZCj6RKFXVmyFPOF19JO+XJssv7ZmFJNMuYeDQ=="
    }
  }
}
