{
  "name": "atom-super-tags",
  "version": "0.18.0",
  "lockfileVersion": 1,
  "requires": true,
  "dependencies": {
    "super-tags": {
      "version": "1.1.9",
      "resolved": "https://registry.npmjs.org/super-tags/-/super-tags-1.1.9.tgz",
      "integrity": "sha512-GD4Il6p/OFHgXFAYNKXCSvFDVNfwxBffq9DkbnTJ89Z+tusSC2ryRXw2A6XgT/vaZKCIJ+StLx3ImqDRsBJ+1Q=="
    }
  }
}
